
Microsoft Visual Studio Solution File, Format Version 12.00
# Visual Studio Version 16
VisualStudioVersion = 16.0.29519.87
MinimumVisualStudioVersion = 10.0.40219.1
Project("{FAE04EC0-301F-11D3-BF4B-00C04F79EFBC}") = "ChapeauUI", "Chapeau_UI\ChapeauUI.csproj", "{C351DE8E-7206-4245-94F0-6BB714F6CE92}"
EndProject
Project("{FAE04EC0-301F-11D3-BF4B-00C04F79EFBC}") = "ChapeauModel", "Chapeau_Model\ChapeauModel.csproj", "{0BC16D49-0A6B-4647-A85E-265164565E45}"
EndProject
Project("{FAE04EC0-301F-11D3-BF4B-00C04F79EFBC}") = "ChapeauDAL", "Chapeau_DAL\ChapeauDAL.csproj", "{D3E5FAE8-A198-4478-B0FE-F8E1A83F39FF}"
EndProject
Project("{FAE04EC0-301F-11D3-BF4B-00C04F79EFBC}") = "ChapeauLogic", "ChapeauLogic\ChapeauLogic.csproj", "{14F01040-8856-48BE-9AF8-E7B59B20168C}"
EndProject
Global
	GlobalSection(SolutionConfigurationPlatforms) = preSolution
		Debug|Any CPU = Debug|Any CPU
		Release|Any CPU = Release|Any CPU
	EndGlobalSection
	GlobalSection(ProjectConfigurationPlatforms) = postSolution
		{C351DE8E-7206-4245-94F0-6BB714F6CE92}.Debug|Any CPU.ActiveCfg = Debug|Any CPU
		{C351DE8E-7206-4245-94F0-6BB714F6CE92}.Debug|Any CPU.Build.0 = Debug|Any CPU
		{C351DE8E-7206-4245-94F0-6BB714F6CE92}.Release|Any CPU.ActiveCfg = Release|Any CPU
		{C351DE8E-7206-4245-94F0-6BB714F6CE92}.Release|Any CPU.Build.0 = Release|Any CPU
		{0BC16D49-0A6B-4647-A85E-265164565E45}.Debug|Any CPU.ActiveCfg = Debug|Any CPU
		{0BC16D49-0A6B-4647-A85E-265164565E45}.Debug|Any CPU.Build.0 = Debug|Any CPU
		{0BC16D49-0A6B-4647-A85E-265164565E45}.Release|Any CPU.ActiveCfg = Release|Any CPU
		{0BC16D49-0A6B-4647-A85E-265164565E45}.Release|Any CPU.Build.0 = Release|Any CPU
		{D3E5FAE8-A198-4478-B0FE-F8E1A83F39FF}.Debug|Any CPU.ActiveCfg = Debug|Any CPU
		{D3E5FAE8-A198-4478-B0FE-F8E1A83F39FF}.Debug|Any CPU.Build.0 = Debug|Any CPU
		{D3E5FAE8-A198-4478-B0FE-F8E1A83F39FF}.Release|Any CPU.ActiveCfg = Release|Any CPU
		{D3E5FAE8-A198-4478-B0FE-F8E1A83F39FF}.Release|Any CPU.Build.0 = Release|Any CPU
		{14F01040-8856-48BE-9AF8-E7B59B20168C}.Debug|Any CPU.ActiveCfg = Debug|Any CPU
		{14F01040-8856-48BE-9AF8-E7B59B20168C}.Debug|Any CPU.Build.0 = Debug|Any CPU
		{14F01040-8856-48BE-9AF8-E7B59B20168C}.Release|Any CPU.ActiveCfg = Release|Any CPU
		{14F01040-8856-48BE-9AF8-E7B59B20168C}.Release|Any CPU.Build.0 = Release|Any CPU
	EndGlobalSection
	GlobalSection(SolutionProperties) = preSolution
		HideSolutionNode = FALSE
	EndGlobalSection
	GlobalSection(ExtensibilityGlobals) = postSolution
		SolutionGuid = {4C45C121-9C00-4ED3-ADB4-73C2643C4076}
	EndGlobalSection
EndGlobal
