
Microsoft Visual Studio Solution File, Format Version 12.00
# Visual Studio Version 16
VisualStudioVersion = 16.0.29519.87
MinimumVisualStudioVersion = 10.0.40219.1
Project("{FAE04EC0-301F-11D3-BF4B-00C04F79EFBC}") = "ChapeauDAL", "ChapeauDAL\ChapeauDAL.csproj", "{F4144716-E99A-4E0A-B1F7-AF4C6DF1DD9B}"
EndProject
Project("{FAE04EC0-301F-11D3-BF4B-00C04F79EFBC}") = "ChapeauLogic", "ChapeauLogic\ChapeauLogic.csproj", "{0DE9306E-1DE0-4D85-82E9-49F7CB7B5E05}"
EndProject
Project("{FAE04EC0-301F-11D3-BF4B-00C04F79EFBC}") = "ChapeauModel", "ChapeauModel\ChapeauModel.csproj", "{9CA33D7B-94FC-4EC1-8666-EDA3116A667E}"
EndProject
Project("{FAE04EC0-301F-11D3-BF4B-00C04F79EFBC}") = "ChapeauUI", "ChapeauUI\ChapeauUI.csproj", "{AC85D533-AD47-4269-B38B-B6EBEBECD538}"
EndProject
Global
	GlobalSection(SolutionConfigurationPlatforms) = preSolution
		Debug|Any CPU = Debug|Any CPU
		Release|Any CPU = Release|Any CPU
	EndGlobalSection
	GlobalSection(ProjectConfigurationPlatforms) = postSolution
		{F4144716-E99A-4E0A-B1F7-AF4C6DF1DD9B}.Debug|Any CPU.ActiveCfg = Debug|Any CPU
		{F4144716-E99A-4E0A-B1F7-AF4C6DF1DD9B}.Debug|Any CPU.Build.0 = Debug|Any CPU
		{F4144716-E99A-4E0A-B1F7-AF4C6DF1DD9B}.Release|Any CPU.ActiveCfg = Release|Any CPU
		{F4144716-E99A-4E0A-B1F7-AF4C6DF1DD9B}.Release|Any CPU.Build.0 = Release|Any CPU
		{0DE9306E-1DE0-4D85-82E9-49F7CB7B5E05}.Debug|Any CPU.ActiveCfg = Debug|Any CPU
		{0DE9306E-1DE0-4D85-82E9-49F7CB7B5E05}.Debug|Any CPU.Build.0 = Debug|Any CPU
		{0DE9306E-1DE0-4D85-82E9-49F7CB7B5E05}.Release|Any CPU.ActiveCfg = Release|Any CPU
		{0DE9306E-1DE0-4D85-82E9-49F7CB7B5E05}.Release|Any CPU.Build.0 = Release|Any CPU
		{9CA33D7B-94FC-4EC1-8666-EDA3116A667E}.Debug|Any CPU.ActiveCfg = Debug|Any CPU
		{9CA33D7B-94FC-4EC1-8666-EDA3116A667E}.Debug|Any CPU.Build.0 = Debug|Any CPU
		{9CA33D7B-94FC-4EC1-8666-EDA3116A667E}.Release|Any CPU.ActiveCfg = Release|Any CPU
		{9CA33D7B-94FC-4EC1-8666-EDA3116A667E}.Release|Any CPU.Build.0 = Release|Any CPU
		{AC85D533-AD47-4269-B38B-B6EBEBECD538}.Debug|Any CPU.ActiveCfg = Debug|Any CPU
		{AC85D533-AD47-4269-B38B-B6EBEBECD538}.Debug|Any CPU.Build.0 = Debug|Any CPU
		{AC85D533-AD47-4269-B38B-B6EBEBECD538}.Release|Any CPU.ActiveCfg = Release|Any CPU
		{AC85D533-AD47-4269-B38B-B6EBEBECD538}.Release|Any CPU.Build.0 = Release|Any CPU
	EndGlobalSection
	GlobalSection(SolutionProperties) = preSolution
		HideSolutionNode = FALSE
	EndGlobalSection
	GlobalSection(ExtensibilityGlobals) = postSolution
		SolutionGuid = {4C45C121-9C00-4ED3-ADB4-73C2643C4076}
	EndGlobalSection
EndGlobal
